
Microsoft Visual Studio Solution File, Format Version 12.00
# Visual Studio Version 16
VisualStudioVersion = 16.0.31613.86
MinimumVisualStudioVersion = 10.0.40219.1
Project("{FAE04EC0-301F-11D3-BF4B-00C04F79EFBC}") = "odev3de", "odev3de\odev3de.csproj", "{78828B5F-39AC-41C6-8C35-22D7BFB78EF4}"
EndProject
Global
	GlobalSection(SolutionConfigurationPlatforms) = preSolution
		Debug|Any CPU = Debug|Any CPU
		Release|Any CPU = Release|Any CPU
	EndGlobalSection
	GlobalSection(ProjectConfigurationPlatforms) = postSolution
		{78828B5F-39AC-41C6-8C35-22D7BFB78EF4}.Debug|Any CPU.ActiveCfg = Debug|Any CPU
		{78828B5F-39AC-41C6-8C35-22D7BFB78EF4}.Debug|Any CPU.Build.0 = Debug|Any CPU
		{78828B5F-39AC-41C6-8C35-22D7BFB78EF4}.Release|Any CPU.ActiveCfg = Release|Any CPU
		{78828B5F-39AC-41C6-8C35-22D7BFB78EF4}.Release|Any CPU.Build.0 = Release|Any CPU
	EndGlobalSection
	GlobalSection(SolutionProperties) = preSolution
		HideSolutionNode = FALSE
	EndGlobalSection
	GlobalSection(ExtensibilityGlobals) = postSolution
		SolutionGuid = {8FCC06E5-F5C6-4881-895D-ADBEDAA016A1}
	EndGlobalSection
EndGlobal
